
Microsoft Visual Studio Solution File, Format Version 12.00
# Visual Studio Version 17
VisualStudioVersion = 17.4.33213.308
MinimumVisualStudioVersion = 10.0.40219.1
Project("{FAE04EC0-301F-11D3-BF4B-00C04F79EFBC}") = "Pro2", "Pro2\Pro2.csproj", "{746540CA-E225-4534-9726-73AA698596F2}"
EndProject
Global
	GlobalSection(SolutionConfigurationPlatforms) = preSolution
		Debug|Any CPU = Debug|Any CPU
		Release|Any CPU = Release|Any CPU
	EndGlobalSection
	GlobalSection(ProjectConfigurationPlatforms) = postSolution
		{746540CA-E225-4534-9726-73AA698596F2}.Debug|Any CPU.ActiveCfg = Debug|Any CPU
		{746540CA-E225-4534-9726-73AA698596F2}.Debug|Any CPU.Build.0 = Debug|Any CPU
		{746540CA-E225-4534-9726-73AA698596F2}.Release|Any CPU.ActiveCfg = Release|Any CPU
		{746540CA-E225-4534-9726-73AA698596F2}.Release|Any CPU.Build.0 = Release|Any CPU
	EndGlobalSection
	GlobalSection(SolutionProperties) = preSolution
		HideSolutionNode = FALSE
	EndGlobalSection
	GlobalSection(ExtensibilityGlobals) = postSolution
		SolutionGuid = {BFF28766-ABC2-40E8-A412-33661F101F38}
	EndGlobalSection
EndGlobal
